
Microsoft Visual Studio Solution File, Format Version 12.00
# Visual Studio 15
VisualStudioVersion = 15.0.27703.2047
MinimumVisualStudioVersion = 10.0.40219.1
Project("{FAE04EC0-301F-11D3-BF4B-00C04F79EFBC}") = "Homework_190318", "Homework_190318\Homework_190318.csproj", "{E6D7B5E5-D9E2-45A4-B318-969092B63E41}"
EndProject
Global
	GlobalSection(SolutionConfigurationPlatforms) = preSolution
		Debug|Any CPU = Debug|Any CPU
		Release|Any CPU = Release|Any CPU
	EndGlobalSection
	GlobalSection(ProjectConfigurationPlatforms) = postSolution
		{E6D7B5E5-D9E2-45A4-B318-969092B63E41}.Debug|Any CPU.ActiveCfg = Debug|Any CPU
		{E6D7B5E5-D9E2-45A4-B318-969092B63E41}.Debug|Any CPU.Build.0 = Debug|Any CPU
		{E6D7B5E5-D9E2-45A4-B318-969092B63E41}.Release|Any CPU.ActiveCfg = Release|Any CPU
		{E6D7B5E5-D9E2-45A4-B318-969092B63E41}.Release|Any CPU.Build.0 = Release|Any CPU
	EndGlobalSection
	GlobalSection(SolutionProperties) = preSolution
		HideSolutionNode = FALSE
	EndGlobalSection
	GlobalSection(ExtensibilityGlobals) = postSolution
		SolutionGuid = {5096219C-7A0A-4A24-A69D-671B658A640D}
	EndGlobalSection
EndGlobal
